// !$*UTF8*$!
{
	archiveVersion = 1;
	classes = {
	};
	objectVersion = 50;
	objects = {

/* Begin PBXBuildFile section */
		43A79E23217CF119003ABB11 /* AppDelegate.swift in Sources */ = {isa = PBXBuildFile; fileRef = 43A79E22217CF119003ABB11 /* AppDelegate.swift */; };
		43A79E25217CF119003ABB11 /* ViewController.swift in Sources */ = {isa = PBXBuildFile; fileRef = 43A79E24217CF119003ABB11 /* ViewController.swift */; };
		43A79E2A217CF11A003ABB11 /* Assets.xcassets in Resources */ = {isa = PBXBuildFile; fileRef = 43A79E29217CF11A003ABB11 /* Assets.xcassets */; };
		43A79E35217CF2F1003ABB11 /* WelcomeViewController.swift in Sources */ = {isa = PBXBuildFile; fileRef = 43A79E34217CF2F1003ABB11 /* WelcomeViewController.swift */; };
		43A79E37217CF4F1003ABB11 /* ProjectsViewController.swift in Sources */ = {isa = PBXBuildFile; fileRef = 43A79E36217CF4F1003ABB11 /* ProjectsViewController.swift */; };
		43A79E39217CF520003ABB11 /* Constants.swift in Sources */ = {isa = PBXBuildFile; fileRef = 43A79E38217CF520003ABB11 /* Constants.swift */; };
		43A79E3B217CF5A4003ABB11 /* LaunchScreen.storyboard in Resources */ = {isa = PBXBuildFile; fileRef = 43A79E3A217CF5A4003ABB11 /* LaunchScreen.storyboard */; };
		43A79E3D217CF5DD003ABB11 /* Project.swift in Sources */ = {isa = PBXBuildFile; fileRef = 43A79E3C217CF5DD003ABB11 /* Project.swift */; };
		43A79E3F217CF7FB003ABB11 /* ProjectViewController.swift in Sources */ = {isa = PBXBuildFile; fileRef = 43A79E3E217CF7FB003ABB11 /* ProjectViewController.swift */; };
		ED5A1D290097DA129C4DCAEA /* Pods_realm_demo.framework in Frameworks */ = {isa = PBXBuildFile; fileRef = 534876AD936FD85B8D3BD7FF /* Pods_realm_demo.framework */; };
/* End PBXBuildFile section */

/* Begin PBXFileReference section */
		43A79E1F217CF119003ABB11 /* realm-demo.app */ = {isa = PBXFileReference; explicitFileType = wrapper.application; includeInIndex = 0; path = "realm-demo.app"; sourceTree = BUILT_PRODUCTS_DIR; };
		43A79E22217CF119003ABB11 /* AppDelegate.swift */ = {isa = PBXFileReference; lastKnownFileType = sourcecode.swift; path = AppDelegate.swift; sourceTree = "<group>"; };
		43A79E24217CF119003ABB11 /* ViewController.swift */ = {isa = PBXFileReference; lastKnownFileType = sourcecode.swift; path = ViewController.swift; sourceTree = "<group>"; };
		43A79E29217CF11A003ABB11 /* Assets.xcassets */ = {isa = PBXFileReference; lastKnownFileType = folder.assetcatalog; path = Assets.xcassets; sourceTree = "<group>"; };
		43A79E2E217CF11A003ABB11 /* Info.plist */ = {isa = PBXFileReference; lastKnownFileType = text.plist.xml; path = Info.plist; sourceTree = "<group>"; };
		43A79E34217CF2F1003ABB11 /* WelcomeViewController.swift */ = {isa = PBXFileReference; lastKnownFileType = sourcecode.swift; path = WelcomeViewController.swift; sourceTree = "<group>"; };
		43A79E36217CF4F1003ABB11 /* ProjectsViewController.swift */ = {isa = PBXFileReference; lastKnownFileType = sourcecode.swift; path = ProjectsViewController.swift; sourceTree = "<group>"; };
		43A79E38217CF520003ABB11 /* Constants.swift */ = {isa = PBXFileReference; lastKnownFileType = sourcecode.swift; path = Constants.swift; sourceTree = "<group>"; };
		43A79E3A217CF5A4003ABB11 /* LaunchScreen.storyboard */ = {isa = PBXFileReference; fileEncoding = 4; lastKnownFileType = file.storyboard; path = LaunchScreen.storyboard; sourceTree = "<group>"; };
		43A79E3C217CF5DD003ABB11 /* Project.swift */ = {isa = PBXFileReference; lastKnownFileType = sourcecode.swift; path = Project.swift; sourceTree = "<group>"; };
		43A79E3E217CF7FB003ABB11 /* ProjectViewController.swift */ = {isa = PBXFileReference; lastKnownFileType = sourcecode.swift; path = ProjectViewController.swift; sourceTree = "<group>"; };
		441A77DC7D8A1423131F3E14 /* Pods-realm-demo.release.xcconfig */ = {isa = PBXFileReference; includeInIndex = 1; lastKnownFileType = text.xcconfig; name = "Pods-realm-demo.release.xcconfig"; path = "Pods/Target Support Files/Pods-realm-demo/Pods-realm-demo.release.xcconfig"; sourceTree = "<group>"; };
		534876AD936FD85B8D3BD7FF /* Pods_realm_demo.framework */ = {isa = PBXFileReference; explicitFileType = wrapper.framework; includeInIndex = 0; path = Pods_realm_demo.framework; sourceTree = BUILT_PRODUCTS_DIR; };
		5CFEEBB721EA6D0CBD7B3F01 /* Pods-realm-demo.debug.xcconfig */ = {isa = PBXFileReference; includeInIndex = 1; lastKnownFileType = text.xcconfig; name = "Pods-realm-demo.debug.xcconfig"; path = "Pods/Target Support Files/Pods-realm-demo/Pods-realm-demo.debug.xcconfig"; sourceTree = "<group>"; };
/* End PBXFileReference section */

/* Begin PBXFrameworksBuildPhase section */
		43A79E1C217CF119003ABB11 /* Frameworks */ = {
			isa = PBXFrameworksBuildPhase;
			buildActionMask = 2147483647;
			files = (
				ED5A1D290097DA129C4DCAEA /* Pods_realm_demo.framework in Frameworks */,
			);
			runOnlyForDeploymentPostprocessing = 0;
		};
/* End PBXFrameworksBuildPhase section */

/* Begin PBXGroup section */
		43A79E16217CF119003ABB11 = {
			isa = PBXGroup;
			children = (
				43A79E21217CF119003ABB11 /* realm-demo */,
				43A79E20217CF119003ABB11 /* Products */,
				E8979CF785BD26241C9AD7D0 /* Pods */,
				68661AA862C35ACB841281F9 /* Frameworks */,
			);
			sourceTree = "<group>";
		};
		43A79E20217CF119003ABB11 /* Products */ = {
			isa = PBXGroup;
			children = (
				43A79E1F217CF119003ABB11 /* realm-demo.app */,
			);
			name = Products;
			sourceTree = "<group>";
		};
		43A79E21217CF119003ABB11 /* realm-demo */ = {
			isa = PBXGroup;
			children = (
				43A79E22217CF119003ABB11 /* AppDelegate.swift */,
				43A79E24217CF119003ABB11 /* ViewController.swift */,
				43A79E29217CF11A003ABB11 /* Assets.xcassets */,
				43A79E2E217CF11A003ABB11 /* Info.plist */,
				43A79E3A217CF5A4003ABB11 /* LaunchScreen.storyboard */,
				43A79E34217CF2F1003ABB11 /* WelcomeViewController.swift */,
				43A79E36217CF4F1003ABB11 /* ProjectsViewController.swift */,
				43A79E38217CF520003ABB11 /* Constants.swift */,
				43A79E3C217CF5DD003ABB11 /* Project.swift */,
				43A79E3E217CF7FB003ABB11 /* ProjectViewController.swift */,
			);
			path = "realm-demo";
			sourceTree = "<group>";
		};
		68661AA862C35ACB841281F9 /* Frameworks */ = {
			isa = PBXGroup;
			children = (
				534876AD936FD85B8D3BD7FF /* Pods_realm_demo.framework */,
			);
			name = Frameworks;
			sourceTree = "<group>";
		};
		E8979CF785BD26241C9AD7D0 /* Pods */ = {
			isa = PBXGroup;
			children = (
				5CFEEBB721EA6D0CBD7B3F01 /* Pods-realm-demo.debug.xcconfig */,
				441A77DC7D8A1423131F3E14 /* Pods-realm-demo.release.xcconfig */,
			);
			name = Pods;
			sourceTree = "<group>";
		};
/* End PBXGroup section */

/* Begin PBXNativeTarget section */
		43A79E1E217CF119003ABB11 /* realm-demo */ = {
			isa = PBXNativeTarget;
			buildConfigurationList = 43A79E31217CF11A003ABB11 /* Build configuration list for PBXNativeTarget "realm-demo" */;
			buildPhases = (
				01C2481D617EA55853B91F89 /* [CP] Check Pods Manifest.lock */,
				43A79E1B217CF119003ABB11 /* Sources */,
				43A79E1C217CF119003ABB11 /* Frameworks */,
				43A79E1D217CF119003ABB11 /* Resources */,
				2AF3F36FB46E4AF8A2BAC85F /* [CP] Embed Pods Frameworks */,
			);
			buildRules = (
			);
			dependencies = (
			);
			name = "realm-demo";
			productName = "realm-demo";
			productReference = 43A79E1F217CF119003ABB11 /* realm-demo.app */;
			productType = "com.apple.product-type.application";
		};
/* End PBXNativeTarget section */

/* Begin PBXProject section */
		43A79E17217CF119003ABB11 /* Project object */ = {
			isa = PBXProject;
			attributes = {
				LastSwiftUpdateCheck = 1000;
				LastUpgradeCheck = 1000;
				ORGANIZATIONNAME = "Patrick Laplante";
				TargetAttributes = {
					43A79E1E217CF119003ABB11 = {
						CreatedOnToolsVersion = 10.0;
					};
				};
			};
			buildConfigurationList = 43A79E1A217CF119003ABB11 /* Build configuration list for PBXProject "realm-demo" */;
			compatibilityVersion = "Xcode 9.3";
			developmentRegion = en;
			hasScannedForEncodings = 0;
			knownRegions = (
				en,
				Base,
			);
			mainGroup = 43A79E16217CF119003ABB11;
			productRefGroup = 43A79E20217CF119003ABB11 /* Products */;
			projectDirPath = "";
			projectRoot = "";
			targets = (
				43A79E1E217CF119003ABB11 /* realm-demo */,
			);
		};
/* End PBXProject section */

/* Begin PBXResourcesBuildPhase section */
		43A79E1D217CF119003ABB11 /* Resources */ = {
			isa = PBXResourcesBuildPhase;
			buildActionMask = 2147483647;
			files = (
				43A79E3B217CF5A4003ABB11 /* LaunchScreen.storyboard in Resources */,
				43A79E2A217CF11A003ABB11 /* Assets.xcassets in Resources */,
			);
			runOnlyForDeploymentPostprocessing = 0;
		};
/* End PBXResourcesBuildPhase section */

/* Begin PBXShellScriptBuildPhase section */
		01C2481D617EA55853B91F89 /* [CP] Check Pods Manifest.lock */ = {
			isa = PBXShellScriptBuildPhase;
			buildActionMask = 2147483647;
			files = (
			);
			inputPaths = (
				"${PODS_PODFILE_DIR_PATH}/Podfile.lock",
				"${PODS_ROOT}/Manifest.lock",
			);
			name = "[CP] Check Pods Manifest.lock";
			outputPaths = (
				"$(DERIVED_FILE_DIR)/Pods-realm-demo-checkManifestLockResult.txt",
			);
			runOnlyForDeploymentPostprocessing = 0;
			shellPath = /bin/sh;
			shellScript = "diff \"${PODS_PODFILE_DIR_PATH}/Podfile.lock\" \"${PODS_ROOT}/Manifest.lock\" > /dev/null\nif [ $? != 0 ] ; then\n    # print error to STDERR\n    echo \"error: The sandbox is not in sync with the Podfile.lock. Run 'pod install' or update your CocoaPods installation.\" >&2\n    exit 1\nfi\n# This output is used by Xcode 'outputs' to avoid re-running this script phase.\necho \"SUCCESS\" > \"${SCRIPT_OUTPUT_FILE_0}\"\n";
			showEnvVarsInLog = 0;
		};
		2AF3F36FB46E4AF8A2BAC85F /* [CP] Embed Pods Frameworks */ = {
			isa = PBXShellScriptBuildPhase;
			buildActionMask = 2147483647;
			files = (
			);
			inputPaths = (
				"${SRCROOT}/Pods/Target Support Files/Pods-realm-demo/Pods-realm-demo-frameworks.sh",
				"${BUILT_PRODUCTS_DIR}/Realm/Realm.framework",
				"${BUILT_PRODUCTS_DIR}/RealmSwift/RealmSwift.framework",
			);
			name = "[CP] Embed Pods Frameworks";
			outputPaths = (
				"${TARGET_BUILD_DIR}/${FRAMEWORKS_FOLDER_PATH}/Realm.framework",
				"${TARGET_BUILD_DIR}/${FRAMEWORKS_FOLDER_PATH}/RealmSwift.framework",
			);
			runOnlyForDeploymentPostprocessing = 0;
			shellPath = /bin/sh;
			shellScript = "\"${SRCROOT}/Pods/Target Support Files/Pods-realm-demo/Pods-realm-demo-frameworks.sh\"\n";
			showEnvVarsInLog = 0;
		};
/* End PBXShellScriptBuildPhase section */

/* Begin PBXSourcesBuildPhase section */
		43A79E1B217CF119003ABB11 /* Sources */ = {
			isa = PBXSourcesBuildPhase;
			buildActionMask = 2147483647;
			files = (
				43A79E39217CF520003ABB11 /* Constants.swift in Sources */,
				43A79E37217CF4F1003ABB11 /* ProjectsViewController.swift in Sources */,
				43A79E35217CF2F1003ABB11 /* WelcomeViewController.swift in Sources */,
				43A79E25217CF119003ABB11 /* ViewController.swift in Sources */,
				43A79E23217CF119003ABB11 /* AppDelegate.swift in Sources */,
				43A79E3F217CF7FB003ABB11 /* ProjectViewController.swift in Sources */,
				43A79E3D217CF5DD003ABB11 /* Project.swift in Sources */,
			);
			runOnlyForDeploymentPostprocessing = 0;
		};
/* End PBXSourcesBuildPhase section */

/* Begin XCBuildConfiguration section */
		43A79E2F217CF11A003ABB11 /* Debug */ = {
			isa = XCBuildConfiguration;
			buildSettings = {
				ALWAYS_SEARCH_USER_PATHS = NO;
				CLANG_ANALYZER_NONNULL = YES;
				CLANG_ANALYZER_NUMBER_OBJECT_CONVERSION = YES_AGGRESSIVE;
				CLANG_CXX_LANGUAGE_STANDARD = "gnu++14";
				CLANG_CXX_LIBRARY = "libc++";
				CLANG_ENABLE_MODULES = YES;
				CLANG_ENABLE_OBJC_ARC = YES;
				CLANG_ENABLE_OBJC_WEAK = YES;
				CLANG_WARN_BLOCK_CAPTURE_AUTORELEASING = YES;
				CLANG_WARN_BOOL_CONVERSION = YES;
				CLANG_WARN_COMMA = YES;
				CLANG_WARN_CONSTANT_CONVERSION = YES;
				CLANG_WARN_DEPRECATED_OBJC_IMPLEMENTATIONS = YES;
				CLANG_WARN_DIRECT_OBJC_ISA_USAGE = YES_ERROR;
				CLANG_WARN_DOCUMENTATION_COMMENTS = YES;
				CLANG_WARN_EMPTY_BODY = YES;
				CLANG_WARN_ENUM_CONVERSION = YES;
				CLANG_WARN_INFINITE_RECURSION = YES;
				CLANG_WARN_INT_CONVERSION = YES;
				CLANG_WARN_NON_LITERAL_NULL_CONVERSION = YES;
				CLANG_WARN_OBJC_IMPLICIT_RETAIN_SELF = YES;
				CLANG_WARN_OBJC_LITERAL_CONVERSION = YES;
				CLANG_WARN_OBJC_ROOT_CLASS = YES_ERROR;
				CLANG_WARN_RANGE_LOOP_ANALYSIS = YES;
				CLANG_WARN_STRICT_PROTOTYPES = YES;
				CLANG_WARN_SUSPICIOUS_MOVE = YES;
				CLANG_WARN_UNGUARDED_AVAILABILITY = YES_AGGRESSIVE;
				CLANG_WARN_UNREACHABLE_CODE = YES;
				CLANG_WARN__DUPLICATE_METHOD_MATCH = YES;
				CODE_SIGN_IDENTITY = "iPhone Developer";
				COPY_PHASE_STRIP = NO;
				DEBUG_INFORMATION_FORMAT = dwarf;
				ENABLE_STRICT_OBJC_MSGSEND = YES;
				ENABLE_TESTABILITY = YES;
				GCC_C_LANGUAGE_STANDARD = gnu11;
				GCC_DYNAMIC_NO_PIC = NO;
				GCC_NO_COMMON_BLOCKS = YES;
				GCC_OPTIMIZATION_LEVEL = 0;
				GCC_PREPROCESSOR_DEFINITIONS = (
					"DEBUG=1",
					"$(inherited)",
				);
				GCC_WARN_64_TO_32_BIT_CONVERSION = YES;
				GCC_WARN_ABOUT_RETURN_TYPE = YES_ERROR;
				GCC_WARN_UNDECLARED_SELECTOR = YES;
				GCC_WARN_UNINITIALIZED_AUTOS = YES_AGGRESSIVE;
				GCC_WARN_UNUSED_FUNCTION = YES;
				GCC_WARN_UNUSED_VARIABLE = YES;
				IPHONEOS_DEPLOYMENT_TARGET = 12.0;
				MTL_ENABLE_DEBUG_INFO = INCLUDE_SOURCE;
				MTL_FAST_MATH = YES;
				ONLY_ACTIVE_ARCH = YES;
				SDKROOT = iphoneos;
				SWIFT_ACTIVE_COMPILATION_CONDITIONS = DEBUG;
				SWIFT_OPTIMIZATION_LEVEL = "-Onone";
			};
			name = Debug;
		};
		43A79E30217CF11A003ABB11 /* Release */ = {
			isa = XCBuildConfiguration;
			buildSettings = {
				ALWAYS_SEARCH_USER_PATHS = NO;
				CLANG_ANALYZER_NONNULL = YES;
				CLANG_ANALYZER_NUMBER_OBJECT_CONVERSION = YES_AGGRESSIVE;
				CLANG_CXX_LANGUAGE_STANDARD = "gnu++14";
				CLANG_CXX_LIBRARY = "libc++";
				CLANG_ENABLE_MODULES = YES;
				CLANG_ENABLE_OBJC_ARC = YES;
				CLANG_ENABLE_OBJC_WEAK = YES;
				CLANG_WARN_BLOCK_CAPTURE_AUTORELEASING = YES;
				CLANG_WARN_BOOL_CONVERSION = YES;
				CLANG_WARN_COMMA = YES;
				CLANG_WARN_CONSTANT_CONVERSION = YES;
				CLANG_WARN_DEPRECATED_OBJC_IMPLEMENTATIONS = YES;
				CLANG_WARN_DIRECT_OBJC_ISA_USAGE = YES_ERROR;
				CLANG_WARN_DOCUMENTATION_COMMENTS = YES;
				CLANG_WARN_EMPTY_BODY = YES;
				CLANG_WARN_ENUM_CONVERSION = YES;
				CLANG_WARN_INFINITE_RECURSION = YES;
				CLANG_WARN_INT_CONVERSION = YES;
				CLANG_WARN_NON_LITERAL_NULL_CONVERSION = YES;
				CLANG_WARN_OBJC_IMPLICIT_RETAIN_SELF = YES;
				CLANG_WARN_OBJC_LITERAL_CONVERSION = YES;
				CLANG_WARN_OBJC_ROOT_CLASS = YES_ERROR;
				CLANG_WARN_RANGE_LOOP_ANALYSIS = YES;
				CLANG_WARN_STRICT_PROTOTYPES = YES;
				CLANG_WARN_SUSPICIOUS_MOVE = YES;
				CLANG_WARN_UNGUARDED_AVAILABILITY = YES_AGGRESSIVE;
				CLANG_WARN_UNREACHABLE_CODE = YES;
				CLANG_WARN__DUPLICATE_METHOD_MATCH = YES;
				CODE_SIGN_IDENTITY = "iPhone Developer";
				COPY_PHASE_STRIP = NO;
				DEBUG_INFORMATION_FORMAT = "dwarf-with-dsym";
				ENABLE_NS_ASSERTIONS = NO;
				ENABLE_STRICT_OBJC_MSGSEND = YES;
				GCC_C_LANGUAGE_STANDARD = gnu11;
				GCC_NO_COMMON_BLOCKS = YES;
				GCC_WARN_64_TO_32_BIT_CONVERSION = YES;
				GCC_WARN_ABOUT_RETURN_TYPE = YES_ERROR;
				GCC_WARN_UNDECLARED_SELECTOR = YES;
				GCC_WARN_UNINITIALIZED_AUTOS = YES_AGGRESSIVE;
				GCC_WARN_UNUSED_FUNCTION = YES;
				GCC_WARN_UNUSED_VARIABLE = YES;
				IPHONEOS_DEPLOYMENT_TARGET = 12.0;
				MTL_ENABLE_DEBUG_INFO = NO;
				MTL_FAST_MATH = YES;
				SDKROOT = iphoneos;
				SWIFT_COMPILATION_MODE = wholemodule;
				SWIFT_OPTIMIZATION_LEVEL = "-O";
				VALIDATE_PRODUCT = YES;
			};
			name = Release;
		};
		43A79E32217CF11A003ABB11 /* Debug */ = {
			isa = XCBuildConfiguration;
			baseConfigurationReference = 5CFEEBB721EA6D0CBD7B3F01 /* Pods-realm-demo.debug.xcconfig */;
			buildSettings = {
				ASSETCATALOG_COMPILER_APPICON_NAME = AppIcon;
				CODE_SIGN_STYLE = Automatic;
				DEVELOPMENT_TEAM = VZU8A7CZL3;
				INFOPLIST_FILE = "realm-demo/Info.plist";
				LD_RUNPATH_SEARCH_PATHS = (
					"$(inherited)",
					"@executable_path/Frameworks",
				);
				PRODUCT_BUNDLE_IDENTIFIER = "com.coc.realm-demo";
				PRODUCT_NAME = "$(TARGET_NAME)";
				SWIFT_VERSION = 4.2;
				TARGETED_DEVICE_FAMILY = "1,2";
			};
			name = Debug;
		};
		43A79E33217CF11A003ABB11 /* Release */ = {
			isa = XCBuildConfiguration;
			baseConfigurationReference = 441A77DC7D8A1423131F3E14 /* Pods-realm-demo.release.xcconfig */;
			buildSettings = {
				ASSETCATALOG_COMPILER_APPICON_NAME = AppIcon;
				CODE_SIGN_STYLE = Automatic;
				DEVELOPMENT_TEAM = VZU8A7CZL3;
				INFOPLIST_FILE = "realm-demo/Info.plist";
				LD_RUNPATH_SEARCH_PATHS = (
					"$(inherited)",
					"@executable_path/Frameworks",
				);
				PRODUCT_BUNDLE_IDENTIFIER = "com.coc.realm-demo";
				PRODUCT_NAME = "$(TARGET_NAME)";
				SWIFT_VERSION = 4.2;
				TARGETED_DEVICE_FAMILY = "1,2";
			};
			name = Release;
		};
/* End XCBuildConfiguration section */

/* Begin XCConfigurationList section */
		43A79E1A217CF119003ABB11 /* Build configuration list for PBXProject "realm-demo" */ = {
			isa = XCConfigurationList;
			buildConfigurations = (
				43A79E2F217CF11A003ABB11 /* Debug */,
				43A79E30217CF11A003ABB11 /* Release */,
			);
			defaultConfigurationIsVisible = 0;
			defaultConfigurationName = Release;
		};
		43A79E31217CF11A003ABB11 /* Build configuration list for PBXNativeTarget "realm-demo" */ = {
			isa = XCConfigurationList;
			buildConfigurations = (
				43A79E32217CF11A003ABB11 /* Debug */,
				43A79E33217CF11A003ABB11 /* Release */,
			);
			defaultConfigurationIsVisible = 0;
			defaultConfigurationName = Release;
		};
/* End XCConfigurationList section */
	};
	rootObject = 43A79E17217CF119003ABB11 /* Project object */;
}
